
Microsoft Visual Studio Solution File, Format Version 12.00
# Visual Studio Version 17
VisualStudioVersion = 17.0.31903.59
MinimumVisualStudioVersion = 10.0.40219.1
Project("{2150E333-8FDC-42A3-9474-1A3956D46DE8}") = "src", "src", "{827E0CD3-B72D-47B6-A68D-7590B98EB39B}"
EndProject
Project("{FAE04EC0-301F-11D3-BF4B-00C04F79EFBC}") = "Unitask.Domain", "src\Unitask.Domain\Unitask.Domain.csproj", "{7106C9B1-88D8-4F1C-9FD9-94DD86BEB7A2}"
EndProject
Project("{FAE04EC0-301F-11D3-BF4B-00C04F79EFBC}") = "Unitask.Application", "src\Unitask.Application\Unitask.Application.csproj", "{42D875B7-9C15-4E7B-991B-D2C234A42495}"
EndProject
Project("{FAE04EC0-301F-11D3-BF4B-00C04F79EFBC}") = "Unitask.Infrastructure", "src\Unitask.Infrastructure\Unitask.Infrastructure.csproj", "{DA8A5BA5-1052-4FB0-866C-21BD1E744687}"
EndProject
Project("{FAE04EC0-301F-11D3-BF4B-00C04F79EFBC}") = "Unitask.Api", "src\Unitask.Api\Unitask.Api.csproj", "{CDEF546D-196F-46C4-934C-62E9698B2DC4}"
EndProject
Global
	GlobalSection(SolutionConfigurationPlatforms) = preSolution
		Debug|Any CPU = Debug|Any CPU
		Debug|x64 = Debug|x64
		Debug|x86 = Debug|x86
		Release|Any CPU = Release|Any CPU
		Release|x64 = Release|x64
		Release|x86 = Release|x86
	EndGlobalSection
	GlobalSection(ProjectConfigurationPlatforms) = postSolution
		{7106C9B1-88D8-4F1C-9FD9-94DD86BEB7A2}.Debug|Any CPU.ActiveCfg = Debug|Any CPU
		{7106C9B1-88D8-4F1C-9FD9-94DD86BEB7A2}.Debug|Any CPU.Build.0 = Debug|Any CPU
		{7106C9B1-88D8-4F1C-9FD9-94DD86BEB7A2}.Debug|x64.ActiveCfg = Debug|Any CPU
		{7106C9B1-88D8-4F1C-9FD9-94DD86BEB7A2}.Debug|x64.Build.0 = Debug|Any CPU
		{7106C9B1-88D8-4F1C-9FD9-94DD86BEB7A2}.Debug|x86.ActiveCfg = Debug|Any CPU
		{7106C9B1-88D8-4F1C-9FD9-94DD86BEB7A2}.Debug|x86.Build.0 = Debug|Any CPU
		{7106C9B1-88D8-4F1C-9FD9-94DD86BEB7A2}.Release|Any CPU.ActiveCfg = Release|Any CPU
		{7106C9B1-88D8-4F1C-9FD9-94DD86BEB7A2}.Release|Any CPU.Build.0 = Release|Any CPU
		{7106C9B1-88D8-4F1C-9FD9-94DD86BEB7A2}.Release|x64.ActiveCfg = Release|Any CPU
		{7106C9B1-88D8-4F1C-9FD9-94DD86BEB7A2}.Release|x64.Build.0 = Release|Any CPU
		{7106C9B1-88D8-4F1C-9FD9-94DD86BEB7A2}.Release|x86.ActiveCfg = Release|Any CPU
		{7106C9B1-88D8-4F1C-9FD9-94DD86BEB7A2}.Release|x86.Build.0 = Release|Any CPU
		{42D875B7-9C15-4E7B-991B-D2C234A42495}.Debug|Any CPU.ActiveCfg = Debug|Any CPU
		{42D875B7-9C15-4E7B-991B-D2C234A42495}.Debug|Any CPU.Build.0 = Debug|Any CPU
		{42D875B7-9C15-4E7B-991B-D2C234A42495}.Debug|x64.ActiveCfg = Debug|Any CPU
		{42D875B7-9C15-4E7B-991B-D2C234A42495}.Debug|x64.Build.0 = Debug|Any CPU
		{42D875B7-9C15-4E7B-991B-D2C234A42495}.Debug|x86.ActiveCfg = Debug|Any CPU
		{42D875B7-9C15-4E7B-991B-D2C234A42495}.Debug|x86.Build.0 = Debug|Any CPU
		{42D875B7-9C15-4E7B-991B-D2C234A42495}.Release|Any CPU.ActiveCfg = Release|Any CPU
		{42D875B7-9C15-4E7B-991B-D2C234A42495}.Release|Any CPU.Build.0 = Release|Any CPU
		{42D875B7-9C15-4E7B-991B-D2C234A42495}.Release|x64.ActiveCfg = Release|Any CPU
		{42D875B7-9C15-4E7B-991B-D2C234A42495}.Release|x64.Build.0 = Release|Any CPU
		{42D875B7-9C15-4E7B-991B-D2C234A42495}.Release|x86.ActiveCfg = Release|Any CPU
		{42D875B7-9C15-4E7B-991B-D2C234A42495}.Release|x86.Build.0 = Release|Any CPU
		{DA8A5BA5-1052-4FB0-866C-21BD1E744687}.Debug|Any CPU.ActiveCfg = Debug|Any CPU
		{DA8A5BA5-1052-4FB0-866C-21BD1E744687}.Debug|Any CPU.Build.0 = Debug|Any CPU
		{DA8A5BA5-1052-4FB0-866C-21BD1E744687}.Debug|x64.ActiveCfg = Debug|Any CPU
		{DA8A5BA5-1052-4FB0-866C-21BD1E744687}.Debug|x64.Build.0 = Debug|Any CPU
		{DA8A5BA5-1052-4FB0-866C-21BD1E744687}.Debug|x86.ActiveCfg = Debug|Any CPU
		{DA8A5BA5-1052-4FB0-866C-21BD1E744687}.Debug|x86.Build.0 = Debug|Any CPU
		{DA8A5BA5-1052-4FB0-866C-21BD1E744687}.Release|Any CPU.ActiveCfg = Release|Any CPU
		{DA8A5BA5-1052-4FB0-866C-21BD1E744687}.Release|Any CPU.Build.0 = Release|Any CPU
		{DA8A5BA5-1052-4FB0-866C-21BD1E744687}.Release|x64.ActiveCfg = Release|Any CPU
		{DA8A5BA5-1052-4FB0-866C-21BD1E744687}.Release|x64.Build.0 = Release|Any CPU
		{DA8A5BA5-1052-4FB0-866C-21BD1E744687}.Release|x86.ActiveCfg = Release|Any CPU
		{DA8A5BA5-1052-4FB0-866C-21BD1E744687}.Release|x86.Build.0 = Release|Any CPU
		{CDEF546D-196F-46C4-934C-62E9698B2DC4}.Debug|Any CPU.ActiveCfg = Debug|Any CPU
		{CDEF546D-196F-46C4-934C-62E9698B2DC4}.Debug|Any CPU.Build.0 = Debug|Any CPU
		{CDEF546D-196F-46C4-934C-62E9698B2DC4}.Debug|x64.ActiveCfg = Debug|Any CPU
		{CDEF546D-196F-46C4-934C-62E9698B2DC4}.Debug|x64.Build.0 = Debug|Any CPU
		{CDEF546D-196F-46C4-934C-62E9698B2DC4}.Debug|x86.ActiveCfg = Debug|Any CPU
		{CDEF546D-196F-46C4-934C-62E9698B2DC4}.Debug|x86.Build.0 = Debug|Any CPU
		{CDEF546D-196F-46C4-934C-62E9698B2DC4}.Release|Any CPU.ActiveCfg = Release|Any CPU
		{CDEF546D-196F-46C4-934C-62E9698B2DC4}.Release|Any CPU.Build.0 = Release|Any CPU
		{CDEF546D-196F-46C4-934C-62E9698B2DC4}.Release|x64.ActiveCfg = Release|Any CPU
		{CDEF546D-196F-46C4-934C-62E9698B2DC4}.Release|x64.Build.0 = Release|Any CPU
		{CDEF546D-196F-46C4-934C-62E9698B2DC4}.Release|x86.ActiveCfg = Release|Any CPU
		{CDEF546D-196F-46C4-934C-62E9698B2DC4}.Release|x86.Build.0 = Release|Any CPU
	EndGlobalSection
	GlobalSection(SolutionProperties) = preSolution
		HideSolutionNode = FALSE
	EndGlobalSection
	GlobalSection(NestedProjects) = preSolution
		{7106C9B1-88D8-4F1C-9FD9-94DD86BEB7A2} = {827E0CD3-B72D-47B6-A68D-7590B98EB39B}
		{42D875B7-9C15-4E7B-991B-D2C234A42495} = {827E0CD3-B72D-47B6-A68D-7590B98EB39B}
		{DA8A5BA5-1052-4FB0-866C-21BD1E744687} = {827E0CD3-B72D-47B6-A68D-7590B98EB39B}
		{CDEF546D-196F-46C4-934C-62E9698B2DC4} = {827E0CD3-B72D-47B6-A68D-7590B98EB39B}
	EndGlobalSection
EndGlobal
